
Microsoft Visual Studio Solution File, Format Version 12.00
# Visual Studio Version 16
VisualStudioVersion = 16.0.31702.278
MinimumVisualStudioVersion = 10.0.40219.1
Project("{FAE04EC0-301F-11D3-BF4B-00C04F79EFBC}") = "Qna", "Qna\Qna.csproj", "{0354478A-A307-4FC4-827E-A65BD4DF85A2}"
EndProject
Global
	GlobalSection(SolutionConfigurationPlatforms) = preSolution
		Debug|Any CPU = Debug|Any CPU
		Release|Any CPU = Release|Any CPU
	EndGlobalSection
	GlobalSection(ProjectConfigurationPlatforms) = postSolution
		{0354478A-A307-4FC4-827E-A65BD4DF85A2}.Debug|Any CPU.ActiveCfg = Debug|Any CPU
		{0354478A-A307-4FC4-827E-A65BD4DF85A2}.Debug|Any CPU.Build.0 = Debug|Any CPU
		{0354478A-A307-4FC4-827E-A65BD4DF85A2}.Release|Any CPU.ActiveCfg = Release|Any CPU
		{0354478A-A307-4FC4-827E-A65BD4DF85A2}.Release|Any CPU.Build.0 = Release|Any CPU
	EndGlobalSection
	GlobalSection(SolutionProperties) = preSolution
		HideSolutionNode = FALSE
	EndGlobalSection
	GlobalSection(ExtensibilityGlobals) = postSolution
		SolutionGuid = {8CFEE2A0-0491-439F-BA98-6150FE35BB79}
	EndGlobalSection
EndGlobal
